<?xml version="1.0" encoding="utf-8"?>
<Project ToolsVersion="4.0" xmlns="http://schemas.microsoft.com/developer/msbuild/2003">
  <ItemGroup>
    <Filter Include="Source Files">
      <UniqueIdentifier>{4FC737F1-C7A5-4376-A066-2A32D752A2FF}</UniqueIdentifier>
      <Extensions>cpp;c;cc;cxx;def;odl;idl;hpj;bat;asm;asmx</Extensions>
    </Filter>
    <Filter Include="Header Files">
      <UniqueIdentifier>{93995380-89BD-4b04-88EB-625FBE52EBFB}</UniqueIdentifier>
      <Extensions>h;hh;hpp;hxx;hm;inl;inc;xsd</Extensions>
    </Filter>
    <Filter Include="Resource Files">
      <UniqueIdentifier>{67DA6AB6-F800-4c08-8B7A-83BB121AAD01}</UniqueIdentifier>
      <Extensions>rc;ico;cur;bmp;dlg;rc2;rct;bin;rgs;gif;jpg;jpeg;jpe;resx;tiff;tif;png;wav</Extensions>
    </Filter>
  </ItemGroup>
  <ItemGroup>
    <ClCompile Include="bot.cpp">
      <Filter>Source Files</Filter>
    </ClCompile>
    <ClCompile Include="main.cpp">
      <Filter>Source Files</Filter>
    </ClCompile>
    <ClCompile Include="tools.cpp">
      <Filter>Source Files</Filter>
    </ClCompile>
    <ClCompile Include="BaseLocation.cpp">
      <Filter>Source Files</Filter>
    </ClCompile>
    <ClCompile Include="BaseLocationManager.cpp">
      <Filter>Source Files</Filter>
    </ClCompile>
    <ClCompile Include="BotAssert.cpp">
      <Filter>Source Files</Filter>
    </ClCompile>
    <ClCompile Include="BotConfig.cpp">
      <Filter>Source Files</Filter>
    </ClCompile>
    <ClCompile Include="Building.cpp">
      <Filter>Source Files</Filter>
    </ClCompile>
    <ClCompile Include="BuildingData.cpp">
      <Filter>Source Files</Filter>
    </ClCompile>
    <ClCompile Include="BuildingManager.cpp">
      <Filter>Source Files</Filter>
    </ClCompile>
    <ClCompile Include="BuildingPlacer.cpp">
      <Filter>Source Files</Filter>
    </ClCompile>
    <ClCompile Include="BuildOrder.cpp">
      <Filter>Source Files</Filter>
    </ClCompile>
    <ClCompile Include="BuildOrderQueue.cpp">
      <Filter>Source Files</Filter>
    </ClCompile>
    <ClCompile Include="BuildType.cpp">
      <Filter>Source Files</Filter>
    </ClCompile>
    <ClCompile Include="CCBot.cpp">
      <Filter>Source Files</Filter>
    </ClCompile>
    <ClCompile Include="CombatCommander.cpp">
      <Filter>Source Files</Filter>
    </ClCompile>
    <ClCompile Include="DistanceMap.cpp">
      <Filter>Source Files</Filter>
    </ClCompile>
    <ClCompile Include="Drawing.cpp">
      <Filter>Source Files</Filter>
    </ClCompile>
    <ClCompile Include="GameCommander.cpp">
      <Filter>Source Files</Filter>
    </ClCompile>
    <ClCompile Include="HarassManager.cpp">
      <Filter>Source Files</Filter>
    </ClCompile>
    <ClCompile Include="JSONTools.cpp">
      <Filter>Source Files</Filter>
    </ClCompile>
    <ClCompile Include="MapTools.cpp">
      <Filter>Source Files</Filter>
    </ClCompile>
    <ClCompile Include="MeleeManager.cpp">
      <Filter>Source Files</Filter>
    </ClCompile>
    <ClCompile Include="Micro.cpp">
      <Filter>Source Files</Filter>
    </ClCompile>
    <ClCompile Include="MicroManager.cpp">
      <Filter>Source Files</Filter>
    </ClCompile>
    <ClCompile Include="pathPlaning.cpp">
      <Filter>Source Files</Filter>
    </ClCompile>
    <ClCompile Include="ProductionManager.cpp">
      <Filter>Source Files</Filter>
    </ClCompile>
    <ClCompile Include="RangedManager.cpp">
      <Filter>Source Files</Filter>
    </ClCompile>
    <ClCompile Include="ScoutManager.cpp">
      <Filter>Source Files</Filter>
    </ClCompile>
    <ClCompile Include="SiegeManager.cpp">
      <Filter>Source Files</Filter>
    </ClCompile>
    <ClCompile Include="Squad.cpp">
      <Filter>Source Files</Filter>
    </ClCompile>
    <ClCompile Include="SquadData.cpp">
      <Filter>Source Files</Filter>
    </ClCompile>
    <ClCompile Include="SquadOrder.cpp">
      <Filter>Source Files</Filter>
    </ClCompile>
    <ClCompile Include="StrategyManager.cpp">
      <Filter>Source Files</Filter>
    </ClCompile>
    <ClCompile Include="TechTree.cpp">
      <Filter>Source Files</Filter>
    </ClCompile>
    <ClCompile Include="UnitData.cpp">
      <Filter>Source Files</Filter>
    </ClCompile>
    <ClCompile Include="UnitInfoManager.cpp">
      <Filter>Source Files</Filter>
    </ClCompile>
    <ClCompile Include="Util.cpp">
      <Filter>Source Files</Filter>
    </ClCompile>
    <ClCompile Include="WorkerData.cpp">
      <Filter>Source Files</Filter>
    </ClCompile>
    <ClCompile Include="WorkerManager.cpp">
      <Filter>Source Files</Filter>
    </ClCompile>
    <ClCompile Include="AutoObserver\CameraModule.cpp">
      <Filter>Source Files</Filter>
    </ClCompile>
  </ItemGroup>
  <ItemGroup>
    <ClInclude Include="bot.h">
      <Filter>Header Files</Filter>
    </ClInclude>
    <ClInclude Include="tools.h">
      <Filter>Header Files</Filter>
    </ClInclude>
    <ClInclude Include="BotAssert.h">
      <Filter>Header Files</Filter>
    </ClInclude>
    <ClInclude Include="BotConfig.h">
      <Filter>Header Files</Filter>
    </ClInclude>
    <ClInclude Include="Building.h">
      <Filter>Header Files</Filter>
    </ClInclude>
    <ClInclude Include="BuildingData.h">
      <Filter>Header Files</Filter>
    </ClInclude>
    <ClInclude Include="BuildingManager.h">
      <Filter>Header Files</Filter>
    </ClInclude>
    <ClInclude Include="BuildingPlacer.h">
      <Filter>Header Files</Filter>
    </ClInclude>
    <ClInclude Include="BuildOrder.h">
      <Filter>Header Files</Filter>
    </ClInclude>
    <ClInclude Include="BuildOrderQueue.h">
      <Filter>Header Files</Filter>
    </ClInclude>
    <ClInclude Include="BuildType.h">
      <Filter>Header Files</Filter>
    </ClInclude>
    <ClInclude Include="CCBot.h">
      <Filter>Header Files</Filter>
    </ClInclude>
    <ClInclude Include="CombatCommander.h">
      <Filter>Header Files</Filter>
    </ClInclude>
    <ClInclude Include="Common.h">
      <Filter>Header Files</Filter>
    </ClInclude>
    <ClInclude Include="DistanceMap.h">
      <Filter>Header Files</Filter>
    </ClInclude>
    <ClInclude Include="Drawing.h">
      <Filter>Header Files</Filter>
    </ClInclude>
    <ClInclude Include="GameCommander.h">
      <Filter>Header Files</Filter>
    </ClInclude>
    <ClInclude Include="HarassManager.h">
      <Filter>Header Files</Filter>
    </ClInclude>
    <ClInclude Include="JSONTools.h">
      <Filter>Header Files</Filter>
    </ClInclude>
    <ClInclude Include="MapTools.h">
      <Filter>Header Files</Filter>
    </ClInclude>
    <ClInclude Include="MeleeManager.h">
      <Filter>Header Files</Filter>
    </ClInclude>
    <ClInclude Include="Micro.h">
      <Filter>Header Files</Filter>
    </ClInclude>
    <ClInclude Include="MicroManager.h">
      <Filter>Header Files</Filter>
    </ClInclude>
    <ClInclude Include="pathPlaning.h">
      <Filter>Header Files</Filter>
    </ClInclude>
    <ClInclude Include="ProductionManager.h">
      <Filter>Header Files</Filter>
    </ClInclude>
    <ClInclude Include="RangedManager.h">
      <Filter>Header Files</Filter>
    </ClInclude>
    <ClInclude Include="ScoutManager.h">
      <Filter>Header Files</Filter>
    </ClInclude>
    <ClInclude Include="SiegeManager.h">
      <Filter>Header Files</Filter>
    </ClInclude>
    <ClInclude Include="Squad.h">
      <Filter>Header Files</Filter>
    </ClInclude>
    <ClInclude Include="SquadData.h">
      <Filter>Header Files</Filter>
    </ClInclude>
    <ClInclude Include="SquadOrder.h">
      <Filter>Header Files</Filter>
    </ClInclude>
    <ClInclude Include="StrategyManager.h">
      <Filter>Header Files</Filter>
    </ClInclude>
    <ClInclude Include="TechTree.h">
      <Filter>Header Files</Filter>
    </ClInclude>
    <ClInclude Include="Timer.hpp">
      <Filter>Header Files</Filter>
    </ClInclude>
    <ClInclude Include="UnitData.h">
      <Filter>Header Files</Filter>
    </ClInclude>
    <ClInclude Include="UnitInfoManager.h">
      <Filter>Header Files</Filter>
    </ClInclude>
    <ClInclude Include="Util.h">
      <Filter>Header Files</Filter>
    </ClInclude>
    <ClInclude Include="WorkerData.h">
      <Filter>Header Files</Filter>
    </ClInclude>
    <ClInclude Include="WorkerManager.h">
      <Filter>Header Files</Filter>
    </ClInclude>
    <ClInclude Include="AutoObserver\CameraModule.h">
      <Filter>Source Files</Filter>
    </ClInclude>
    <ClInclude Include="LadderInterface.h">
      <Filter>Header Files</Filter>
    </ClInclude>
  </ItemGroup>
</Project>